
Microsoft Visual Studio Solution File, Format Version 12.00
# Visual Studio Version 16
VisualStudioVersion = 16.0.29418.71
MinimumVisualStudioVersion = 10.0.40219.1
Project("{8BC9CEB8-8B4A-11D0-8D11-00A0C91BC942}") = "Project3", "Project3\Project3.vcxproj", "{FA8B83D3-807A-4043-8E14-C09F200FB6DC}"
EndProject
Global
	GlobalSection(SolutionConfigurationPlatforms) = preSolution
		Debug|x64 = Debug|x64
		Debug|x86 = Debug|x86
		Release|x64 = Release|x64
		Release|x86 = Release|x86
	EndGlobalSection
	GlobalSection(ProjectConfigurationPlatforms) = postSolution
		{FA8B83D3-807A-4043-8E14-C09F200FB6DC}.Debug|x64.ActiveCfg = Debug|x64
		{FA8B83D3-807A-4043-8E14-C09F200FB6DC}.Debug|x64.Build.0 = Debug|x64
		{FA8B83D3-807A-4043-8E14-C09F200FB6DC}.Debug|x86.ActiveCfg = Debug|Win32
		{FA8B83D3-807A-4043-8E14-C09F200FB6DC}.Debug|x86.Build.0 = Debug|Win32
		{FA8B83D3-807A-4043-8E14-C09F200FB6DC}.Release|x64.ActiveCfg = Release|x64
		{FA8B83D3-807A-4043-8E14-C09F200FB6DC}.Release|x64.Build.0 = Release|x64
		{FA8B83D3-807A-4043-8E14-C09F200FB6DC}.Release|x86.ActiveCfg = Release|Win32
		{FA8B83D3-807A-4043-8E14-C09F200FB6DC}.Release|x86.Build.0 = Release|Win32
	EndGlobalSection
	GlobalSection(SolutionProperties) = preSolution
		HideSolutionNode = FALSE
	EndGlobalSection
	GlobalSection(ExtensibilityGlobals) = postSolution
		SolutionGuid = {7E006CD3-FB50-4F5B-B8A8-D607E05DAD72}
	EndGlobalSection
EndGlobal
